<?xml version="1.0" encoding="utf-8"?>
<Project ToolsVersion="4.0" xmlns="http://schemas.microsoft.com/developer/msbuild/2003">
  <ItemGroup>
    <Filter Include="Source Files">
      <UniqueIdentifier>{4FC737F1-C7A5-4376-A066-2A32D752A2FF}</UniqueIdentifier>
      <Extensions>cpp;c;cc;cxx;c++;cppm;ixx;def;odl;idl;hpj;bat;asm;asmx</Extensions>
    </Filter>
    <Filter Include="Header Files">
      <UniqueIdentifier>{93995380-89BD-4b04-88EB-625FBE52EBFB}</UniqueIdentifier>
      <Extensions>h;hh;hpp;hxx;h++;hm;inl;inc;ipp;xsd</Extensions>
    </Filter>
    <Filter Include="Resource Files">
      <UniqueIdentifier>{67DA6AB6-F800-4c08-8B7A-83BB121AAD01}</UniqueIdentifier>
      <Extensions>rc;ico;cur;bmp;dlg;rc2;rct;bin;rgs;gif;jpg;jpeg;jpe;resx;tiff;tif;png;wav;mfcribbon-ms</Extensions>
    </Filter>
  </ItemGroup>
  <ItemGroup>
    <ClInclude Include="src\core\components\include\transform.h">
      <Filter>Header Files</Filter>
    </ClInclude>
    <ClInclude Include="src\core\data\include\asset_manager.h">
      <Filter>Header Files</Filter>
    </ClInclude>
    <ClInclude Include="src\core\include\game_state_manager.h">
      <Filter>Header Files</Filter>
    </ClInclude>
    <ClInclude Include="src\core\include\angry-birds.h">
      <Filter>Header Files</Filter>
    </ClInclude>
    <ClInclude Include="src\core\systems\include\debug_system.h">
      <Filter>Header Files</Filter>
    </ClInclude>
    <ClInclude Include="src\core\systems\include\physics_system.h">
      <Filter>Header Files</Filter>
    </ClInclude>
    <ClInclude Include="src\core\systems\include\render_system.h">
      <Filter>Header Files</Filter>
    </ClInclude>
    <ClInclude Include="src\core\systems\include\terrain_system.h">
      <Filter>Header Files</Filter>
    </ClInclude>
    <ClInclude Include="src\core\systems\include\transform_system.h">
      <Filter>Header Files</Filter>
    </ClInclude>
    <ClInclude Include="src\lib\entityx\3rdparty\catch.hpp">
      <Filter>Header Files</Filter>
    </ClInclude>
    <ClInclude Include="src\lib\entityx\3rdparty\simplesignal.h">
      <Filter>Header Files</Filter>
    </ClInclude>
    <ClInclude Include="src\lib\entityx\deps\Dependencies.h">
      <Filter>Header Files</Filter>
    </ClInclude>
    <ClInclude Include="src\lib\entityx\help\NonCopyable.h">
      <Filter>Header Files</Filter>
    </ClInclude>
    <ClInclude Include="src\lib\entityx\help\Pool.h">
      <Filter>Header Files</Filter>
    </ClInclude>
    <ClInclude Include="src\lib\entityx\help\Timer.h">
      <Filter>Header Files</Filter>
    </ClInclude>
    <ClInclude Include="src\lib\entityx\tags\TagsComponent.h">
      <Filter>Header Files</Filter>
    </ClInclude>
    <ClInclude Include="src\lib\entityx\Entity.h">
      <Filter>Header Files</Filter>
    </ClInclude>
    <ClInclude Include="src\lib\entityx\entityx.h">
      <Filter>Header Files</Filter>
    </ClInclude>
    <ClInclude Include="src\lib\entityx\Event.h">
      <Filter>Header Files</Filter>
    </ClInclude>
    <ClInclude Include="src\lib\entityx\quick.h">
      <Filter>Header Files</Filter>
    </ClInclude>
    <ClInclude Include="src\lib\entityx\System.h">
      <Filter>Header Files</Filter>
    </ClInclude>
    <ClInclude Include="src\lib\include\application.h">
      <Filter>Header Files</Filter>
    </ClInclude>
    <ClInclude Include="src\lib\include\audio.h">
      <Filter>Header Files</Filter>
    </ClInclude>
    <ClInclude Include="src\lib\include\configuration.h">
      <Filter>Header Files</Filter>
    </ClInclude>
    <ClInclude Include="src\lib\include\graphics.h">
      <Filter>Header Files</Filter>
    </ClInclude>
    <ClInclude Include="src\lib\include\input.h">
      <Filter>Header Files</Filter>
    </ClInclude>
    <ClInclude Include="src\lib\include\lib.h">
      <Filter>Header Files</Filter>
    </ClInclude>
    <ClInclude Include="src\lib\include\listener.h">
      <Filter>Header Files</Filter>
    </ClInclude>
    <ClInclude Include="src\lib\include\logger.h">
      <Filter>Header Files</Filter>
    </ClInclude>
    <ClInclude Include="src\lib\utils\camera\include\camera.h">
      <Filter>Header Files</Filter>
    </ClInclude>
    <ClInclude Include="src\lib\utils\camera\include\first_person_camera_controller.h">
      <Filter>Header Files</Filter>
    </ClInclude>
    <ClInclude Include="src\lib\utils\camera\include\frustum.h">
      <Filter>Header Files</Filter>
    </ClInclude>
    <ClInclude Include="src\lib\utils\camera\include\orthographic_camera.h">
      <Filter>Header Files</Filter>
    </ClInclude>
    <ClInclude Include="src\lib\utils\camera\include\perspective_camera.h">
      <Filter>Header Files</Filter>
    </ClInclude>
    <ClInclude Include="src\lib\utils\geometry\include\matrix4.h">
      <Filter>Header Files</Filter>
    </ClInclude>
    <ClInclude Include="src\lib\utils\geometry\include\quaternion.h">
      <Filter>Header Files</Filter>
    </ClInclude>
    <ClInclude Include="src\lib\utils\geometry\include\ray.h">
      <Filter>Header Files</Filter>
    </ClInclude>
    <ClInclude Include="src\lib\utils\geometry\include\vector2.h">
      <Filter>Header Files</Filter>
    </ClInclude>
    <ClInclude Include="src\lib\utils\geometry\include\vector3.h">
      <Filter>Header Files</Filter>
    </ClInclude>
    <ClInclude Include="src\lib\utils\geometry\include\voxel_ray.h">
      <Filter>Header Files</Filter>
    </ClInclude>
    <ClInclude Include="src\lib\utils\include\animation.h">
      <Filter>Header Files</Filter>
    </ClInclude>
    <ClInclude Include="src\lib\utils\include\input_processor.h">
      <Filter>Header Files</Filter>
    </ClInclude>
    <ClInclude Include="src\lib\utils\include\music.h">
      <Filter>Header Files</Filter>
    </ClInclude>
    <ClInclude Include="src\lib\utils\include\random_generator.h">
      <Filter>Header Files</Filter>
    </ClInclude>
    <ClInclude Include="src\lib\utils\include\shaders.h">
      <Filter>Header Files</Filter>
    </ClInclude>
    <ClInclude Include="src\lib\utils\include\sound.h">
      <Filter>Header Files</Filter>
    </ClInclude>
    <ClInclude Include="src\lib\utils\include\sprite_batch.h">
      <Filter>Header Files</Filter>
    </ClInclude>
    <ClInclude Include="src\lib\utils\include\texture.h">
      <Filter>Header Files</Filter>
    </ClInclude>
    <ClInclude Include="src\lib\utils\include\texture_cube_map.h">
      <Filter>Header Files</Filter>
    </ClInclude>
    <ClInclude Include="src\lib\utils\include\texture_region.h">
      <Filter>Header Files</Filter>
    </ClInclude>
    <ClInclude Include="src\lib\utils\include\universal_viewport.h">
      <Filter>Header Files</Filter>
    </ClInclude>
    <ClInclude Include="src\lib\utils\include\viewport.h">
      <Filter>Header Files</Filter>
    </ClInclude>
    <ClInclude Include="src\lib\utils\math\include\math_utils.h">
      <Filter>Header Files</Filter>
    </ClInclude>
    <ClInclude Include="src\lib\utils\noise\model\cylinder.h">
      <Filter>Header Files</Filter>
    </ClInclude>
    <ClInclude Include="src\lib\utils\noise\model\line.h">
      <Filter>Header Files</Filter>
    </ClInclude>
    <ClInclude Include="src\lib\utils\noise\model\model.h">
      <Filter>Header Files</Filter>
    </ClInclude>
    <ClInclude Include="src\lib\utils\noise\model\plane.h">
      <Filter>Header Files</Filter>
    </ClInclude>
    <ClInclude Include="src\lib\utils\noise\model\sphere.h">
      <Filter>Header Files</Filter>
    </ClInclude>
    <ClInclude Include="src\lib\utils\noise\module\abs.h">
      <Filter>Header Files</Filter>
    </ClInclude>
    <ClInclude Include="src\lib\utils\noise\module\add.h">
      <Filter>Header Files</Filter>
    </ClInclude>
    <ClInclude Include="src\lib\utils\noise\module\billow.h">
      <Filter>Header Files</Filter>
    </ClInclude>
    <ClInclude Include="src\lib\utils\noise\module\blend.h">
      <Filter>Header Files</Filter>
    </ClInclude>
    <ClInclude Include="src\lib\utils\noise\module\cache.h">
      <Filter>Header Files</Filter>
    </ClInclude>
    <ClInclude Include="src\lib\utils\noise\module\checkerboard.h">
      <Filter>Header Files</Filter>
    </ClInclude>
    <ClInclude Include="src\lib\utils\noise\module\clamp.h">
      <Filter>Header Files</Filter>
    </ClInclude>
    <ClInclude Include="src\lib\utils\noise\module\const.h">
      <Filter>Header Files</Filter>
    </ClInclude>
    <ClInclude Include="src\lib\utils\noise\module\curve.h">
      <Filter>Header Files</Filter>
    </ClInclude>
    <ClInclude Include="src\lib\utils\noise\module\cylinders.h">
      <Filter>Header Files</Filter>
    </ClInclude>
    <ClInclude Include="src\lib\utils\noise\module\displace.h">
      <Filter>Header Files</Filter>
    </ClInclude>
    <ClInclude Include="src\lib\utils\noise\module\exponent.h">
      <Filter>Header Files</Filter>
    </ClInclude>
    <ClInclude Include="src\lib\utils\noise\module\invert.h">
      <Filter>Header Files</Filter>
    </ClInclude>
    <ClInclude Include="src\lib\utils\noise\module\max.h">
      <Filter>Header Files</Filter>
    </ClInclude>
    <ClInclude Include="src\lib\utils\noise\module\min.h">
      <Filter>Header Files</Filter>
    </ClInclude>
    <ClInclude Include="src\lib\utils\noise\module\module.h">
      <Filter>Header Files</Filter>
    </ClInclude>
    <ClInclude Include="src\lib\utils\noise\module\modulebase.h">
      <Filter>Header Files</Filter>
    </ClInclude>
    <ClInclude Include="src\lib\utils\noise\module\multiply.h">
      <Filter>Header Files</Filter>
    </ClInclude>
    <ClInclude Include="src\lib\utils\noise\module\perlin.h">
      <Filter>Header Files</Filter>
    </ClInclude>
    <ClInclude Include="src\lib\utils\noise\module\power.h">
      <Filter>Header Files</Filter>
    </ClInclude>
    <ClInclude Include="src\lib\utils\noise\module\ridgedmulti.h">
      <Filter>Header Files</Filter>
    </ClInclude>
    <ClInclude Include="src\lib\utils\noise\module\rotatepoint.h">
      <Filter>Header Files</Filter>
    </ClInclude>
    <ClInclude Include="src\lib\utils\noise\module\scalebias.h">
      <Filter>Header Files</Filter>
    </ClInclude>
    <ClInclude Include="src\lib\utils\noise\module\scalepoint.h">
      <Filter>Header Files</Filter>
    </ClInclude>
    <ClInclude Include="src\lib\utils\noise\module\select.h">
      <Filter>Header Files</Filter>
    </ClInclude>
    <ClInclude Include="src\lib\utils\noise\module\spheres.h">
      <Filter>Header Files</Filter>
    </ClInclude>
    <ClInclude Include="src\lib\utils\noise\module\terrace.h">
      <Filter>Header Files</Filter>
    </ClInclude>
    <ClInclude Include="src\lib\utils\noise\module\translatepoint.h">
      <Filter>Header Files</Filter>
    </ClInclude>
    <ClInclude Include="src\lib\utils\noise\module\turbulence.h">
      <Filter>Header Files</Filter>
    </ClInclude>
    <ClInclude Include="src\lib\utils\noise\module\voronoi.h">
      <Filter>Header Files</Filter>
    </ClInclude>
    <ClInclude Include="src\lib\utils\noise\basictypes.h">
      <Filter>Header Files</Filter>
    </ClInclude>
    <ClInclude Include="src\lib\utils\noise\exception.h">
      <Filter>Header Files</Filter>
    </ClInclude>
    <ClInclude Include="src\lib\utils\noise\interp.h">
      <Filter>Header Files</Filter>
    </ClInclude>
    <ClInclude Include="src\lib\utils\noise\latlon.h">
      <Filter>Header Files</Filter>
    </ClInclude>
    <ClInclude Include="src\lib\utils\noise\mathconsts.h">
      <Filter>Header Files</Filter>
    </ClInclude>
    <ClInclude Include="src\lib\utils\noise\misc.h">
      <Filter>Header Files</Filter>
    </ClInclude>
    <ClInclude Include="src\lib\utils\noise\noise.h">
      <Filter>Header Files</Filter>
    </ClInclude>
    <ClInclude Include="src\lib\utils\noise\noisegen.h">
      <Filter>Header Files</Filter>
    </ClInclude>
    <ClInclude Include="src\lib\utils\noise\vectortable.h">
      <Filter>Header Files</Filter>
    </ClInclude>
    <ClInclude Include="src\lib\utils\openGL\include\index_buffer.h">
      <Filter>Header Files</Filter>
    </ClInclude>
    <ClInclude Include="src\lib\utils\openGL\include\particle_vertex.h">
      <Filter>Header Files</Filter>
    </ClInclude>
    <ClInclude Include="src\lib\utils\openGL\include\vertex.h">
      <Filter>Header Files</Filter>
    </ClInclude>
    <ClInclude Include="src\lib\utils\openGL\include\vertex_array.h">
      <Filter>Header Files</Filter>
    </ClInclude>
    <ClInclude Include="src\lib\utils\openGL\include\vertex_buffer.h">
      <Filter>Header Files</Filter>
    </ClInclude>
    <ClInclude Include="src\lib\utils\ui\include\actor.h">
      <Filter>Header Files</Filter>
    </ClInclude>
    <ClInclude Include="src\lib\utils\ui\include\click_listener.h">
      <Filter>Header Files</Filter>
    </ClInclude>
    <ClInclude Include="src\lib\utils\ui\include\event_listener.h">
      <Filter>Header Files</Filter>
    </ClInclude>
    <ClInclude Include="src\lib\utils\ui\include\input_listener.h">
      <Filter>Header Files</Filter>
    </ClInclude>
    <ClInclude Include="src\lib\utils\ui\include\label.h">
      <Filter>Header Files</Filter>
    </ClInclude>
    <ClInclude Include="src\lib\utils\ui\include\label_style.h">
      <Filter>Header Files</Filter>
    </ClInclude>
    <ClInclude Include="src\lib\utils\ui\include\user_interface.h">
      <Filter>Header Files</Filter>
    </ClInclude>
    <ClInclude Include="src\lib\imgui\imconfig.h">
      <Filter>Header Files</Filter>
    </ClInclude>
    <ClInclude Include="src\lib\imgui\imgui.h">
      <Filter>Header Files</Filter>
    </ClInclude>
    <ClInclude Include="src\lib\imgui\imgui_impl_opengl3.h">
      <Filter>Header Files</Filter>
    </ClInclude>
    <ClInclude Include="src\lib\imgui\imgui_impl_sdl.h">
      <Filter>Header Files</Filter>
    </ClInclude>
    <ClInclude Include="src\lib\imgui\imgui_internal.h">
      <Filter>Header Files</Filter>
    </ClInclude>
    <ClInclude Include="src\lib\imgui\imstb_rectpack.h">
      <Filter>Header Files</Filter>
    </ClInclude>
    <ClInclude Include="src\lib\imgui\imstb_textedit.h">
      <Filter>Header Files</Filter>
    </ClInclude>
    <ClInclude Include="src\lib\imgui\imstb_truetype.h">
      <Filter>Header Files</Filter>
    </ClInclude>
    <ClInclude Include="src\lib\cereal\archives\adapters.hpp">
      <Filter>Header Files</Filter>
    </ClInclude>
    <ClInclude Include="src\lib\cereal\archives\binary.hpp">
      <Filter>Header Files</Filter>
    </ClInclude>
    <ClInclude Include="src\lib\cereal\archives\json.hpp">
      <Filter>Header Files</Filter>
    </ClInclude>
    <ClInclude Include="src\lib\cereal\archives\portable_binary.hpp">
      <Filter>Header Files</Filter>
    </ClInclude>
    <ClInclude Include="src\lib\cereal\archives\xml.hpp">
      <Filter>Header Files</Filter>
    </ClInclude>
    <ClInclude Include="src\lib\cereal\details\helpers.hpp">
      <Filter>Header Files</Filter>
    </ClInclude>
    <ClInclude Include="src\lib\cereal\details\polymorphic_impl.hpp">
      <Filter>Header Files</Filter>
    </ClInclude>
    <ClInclude Include="src\lib\cereal\details\polymorphic_impl_fwd.hpp">
      <Filter>Header Files</Filter>
    </ClInclude>
    <ClInclude Include="src\lib\cereal\details\static_object.hpp">
      <Filter>Header Files</Filter>
    </ClInclude>
    <ClInclude Include="src\lib\cereal\details\traits.hpp">
      <Filter>Header Files</Filter>
    </ClInclude>
    <ClInclude Include="src\lib\cereal\details\util.hpp">
      <Filter>Header Files</Filter>
    </ClInclude>
    <ClInclude Include="src\lib\cereal\external\rapidjson\error\en.h">
      <Filter>Header Files</Filter>
    </ClInclude>
    <ClInclude Include="src\lib\cereal\external\rapidjson\error\error.h">
      <Filter>Header Files</Filter>
    </ClInclude>
    <ClInclude Include="src\lib\cereal\external\rapidjson\internal\biginteger.h">
      <Filter>Header Files</Filter>
    </ClInclude>
    <ClInclude Include="src\lib\cereal\external\rapidjson\internal\diyfp.h">
      <Filter>Header Files</Filter>
    </ClInclude>
    <ClInclude Include="src\lib\cereal\external\rapidjson\internal\dtoa.h">
      <Filter>Header Files</Filter>
    </ClInclude>
    <ClInclude Include="src\lib\cereal\external\rapidjson\internal\ieee754.h">
      <Filter>Header Files</Filter>
    </ClInclude>
    <ClInclude Include="src\lib\cereal\external\rapidjson\internal\itoa.h">
      <Filter>Header Files</Filter>
    </ClInclude>
    <ClInclude Include="src\lib\cereal\external\rapidjson\internal\meta.h">
      <Filter>Header Files</Filter>
    </ClInclude>
    <ClInclude Include="src\lib\cereal\external\rapidjson\internal\pow10.h">
      <Filter>Header Files</Filter>
    </ClInclude>
    <ClInclude Include="src\lib\cereal\external\rapidjson\internal\regex.h">
      <Filter>Header Files</Filter>
    </ClInclude>
    <ClInclude Include="src\lib\cereal\external\rapidjson\internal\stack.h">
      <Filter>Header Files</Filter>
    </ClInclude>
    <ClInclude Include="src\lib\cereal\external\rapidjson\internal\strfunc.h">
      <Filter>Header Files</Filter>
    </ClInclude>
    <ClInclude Include="src\lib\cereal\external\rapidjson\internal\strtod.h">
      <Filter>Header Files</Filter>
    </ClInclude>
    <ClInclude Include="src\lib\cereal\external\rapidjson\internal\swap.h">
      <Filter>Header Files</Filter>
    </ClInclude>
    <ClInclude Include="src\lib\cereal\external\rapidjson\msinttypes\inttypes.h">
      <Filter>Header Files</Filter>
    </ClInclude>
    <ClInclude Include="src\lib\cereal\external\rapidjson\msinttypes\stdint.h">
      <Filter>Header Files</Filter>
    </ClInclude>
    <ClInclude Include="src\lib\cereal\external\rapidjson\allocators.h">
      <Filter>Header Files</Filter>
    </ClInclude>
    <ClInclude Include="src\lib\cereal\external\rapidjson\cursorstreamwrapper.h">
      <Filter>Header Files</Filter>
    </ClInclude>
    <ClInclude Include="src\lib\cereal\external\rapidjson\document.h">
      <Filter>Header Files</Filter>
    </ClInclude>
    <ClInclude Include="src\lib\cereal\external\rapidjson\encodedstream.h">
      <Filter>Header Files</Filter>
    </ClInclude>
    <ClInclude Include="src\lib\cereal\external\rapidjson\encodings.h">
      <Filter>Header Files</Filter>
    </ClInclude>
    <ClInclude Include="src\lib\cereal\external\rapidjson\filereadstream.h">
      <Filter>Header Files</Filter>
    </ClInclude>
    <ClInclude Include="src\lib\cereal\external\rapidjson\filewritestream.h">
      <Filter>Header Files</Filter>
    </ClInclude>
    <ClInclude Include="src\lib\cereal\external\rapidjson\fwd.h">
      <Filter>Header Files</Filter>
    </ClInclude>
    <ClInclude Include="src\lib\cereal\external\rapidjson\istreamwrapper.h">
      <Filter>Header Files</Filter>
    </ClInclude>
    <ClInclude Include="src\lib\cereal\external\rapidjson\memorybuffer.h">
      <Filter>Header Files</Filter>
    </ClInclude>
    <ClInclude Include="src\lib\cereal\external\rapidjson\memorystream.h">
      <Filter>Header Files</Filter>
    </ClInclude>
    <ClInclude Include="src\lib\cereal\external\rapidjson\ostreamwrapper.h">
      <Filter>Header Files</Filter>
    </ClInclude>
    <ClInclude Include="src\lib\cereal\external\rapidjson\pointer.h">
      <Filter>Header Files</Filter>
    </ClInclude>
    <ClInclude Include="src\lib\cereal\external\rapidjson\prettywriter.h">
      <Filter>Header Files</Filter>
    </ClInclude>
    <ClInclude Include="src\lib\cereal\external\rapidjson\rapidjson.h">
      <Filter>Header Files</Filter>
    </ClInclude>
    <ClInclude Include="src\lib\cereal\external\rapidjson\reader.h">
      <Filter>Header Files</Filter>
    </ClInclude>
    <ClInclude Include="src\lib\cereal\external\rapidjson\schema.h">
      <Filter>Header Files</Filter>
    </ClInclude>
    <ClInclude Include="src\lib\cereal\external\rapidjson\stream.h">
      <Filter>Header Files</Filter>
    </ClInclude>
    <ClInclude Include="src\lib\cereal\external\rapidjson\stringbuffer.h">
      <Filter>Header Files</Filter>
    </ClInclude>
    <ClInclude Include="src\lib\cereal\external\rapidjson\writer.h">
      <Filter>Header Files</Filter>
    </ClInclude>
    <ClInclude Include="src\lib\cereal\external\rapidxml\rapidxml.hpp">
      <Filter>Header Files</Filter>
    </ClInclude>
    <ClInclude Include="src\lib\cereal\external\rapidxml\rapidxml_iterators.hpp">
      <Filter>Header Files</Filter>
    </ClInclude>
    <ClInclude Include="src\lib\cereal\external\rapidxml\rapidxml_print.hpp">
      <Filter>Header Files</Filter>
    </ClInclude>
    <ClInclude Include="src\lib\cereal\external\rapidxml\rapidxml_utils.hpp">
      <Filter>Header Files</Filter>
    </ClInclude>
    <ClInclude Include="src\lib\cereal\external\base64.hpp">
      <Filter>Header Files</Filter>
    </ClInclude>
    <ClInclude Include="src\lib\cereal\types\concepts\pair_associative_container.hpp">
      <Filter>Header Files</Filter>
    </ClInclude>
    <ClInclude Include="src\lib\cereal\types\array.hpp">
      <Filter>Header Files</Filter>
    </ClInclude>
    <ClInclude Include="src\lib\cereal\types\atomic.hpp">
      <Filter>Header Files</Filter>
    </ClInclude>
    <ClInclude Include="src\lib\cereal\types\base_class.hpp">
      <Filter>Header Files</Filter>
    </ClInclude>
    <ClInclude Include="src\lib\cereal\types\bitset.hpp">
      <Filter>Header Files</Filter>
    </ClInclude>
    <ClInclude Include="src\lib\cereal\types\boost_variant.hpp">
      <Filter>Header Files</Filter>
    </ClInclude>
    <ClInclude Include="src\lib\cereal\types\chrono.hpp">
      <Filter>Header Files</Filter>
    </ClInclude>
    <ClInclude Include="src\lib\cereal\types\common.hpp">
      <Filter>Header Files</Filter>
    </ClInclude>
    <ClInclude Include="src\lib\cereal\types\complex.hpp">
      <Filter>Header Files</Filter>
    </ClInclude>
    <ClInclude Include="src\lib\cereal\types\deque.hpp">
      <Filter>Header Files</Filter>
    </ClInclude>
    <ClInclude Include="src\lib\cereal\types\forward_list.hpp">
      <Filter>Header Files</Filter>
    </ClInclude>
    <ClInclude Include="src\lib\cereal\types\functional.hpp">
      <Filter>Header Files</Filter>
    </ClInclude>
    <ClInclude Include="src\lib\cereal\types\list.hpp">
      <Filter>Header Files</Filter>
    </ClInclude>
    <ClInclude Include="src\lib\cereal\types\map.hpp">
      <Filter>Header Files</Filter>
    </ClInclude>
    <ClInclude Include="src\lib\cereal\types\memory.hpp">
      <Filter>Header Files</Filter>
    </ClInclude>
    <ClInclude Include="src\lib\cereal\types\optional.hpp">
      <Filter>Header Files</Filter>
    </ClInclude>
    <ClInclude Include="src\lib\cereal\types\polymorphic.hpp">
      <Filter>Header Files</Filter>
    </ClInclude>
    <ClInclude Include="src\lib\cereal\types\queue.hpp">
      <Filter>Header Files</Filter>
    </ClInclude>
    <ClInclude Include="src\lib\cereal\types\set.hpp">
      <Filter>Header Files</Filter>
    </ClInclude>
    <ClInclude Include="src\lib\cereal\types\stack.hpp">
      <Filter>Header Files</Filter>
    </ClInclude>
    <ClInclude Include="src\lib\cereal\types\string.hpp">
      <Filter>Header Files</Filter>
    </ClInclude>
    <ClInclude Include="src\lib\cereal\types\tuple.hpp">
      <Filter>Header Files</Filter>
    </ClInclude>
    <ClInclude Include="src\lib\cereal\types\unordered_map.hpp">
      <Filter>Header Files</Filter>
    </ClInclude>
    <ClInclude Include="src\lib\cereal\types\unordered_set.hpp">
      <Filter>Header Files</Filter>
    </ClInclude>
    <ClInclude Include="src\lib\cereal\types\utility.hpp">
      <Filter>Header Files</Filter>
    </ClInclude>
    <ClInclude Include="src\lib\cereal\types\valarray.hpp">
      <Filter>Header Files</Filter>
    </ClInclude>
    <ClInclude Include="src\lib\cereal\types\variant.hpp">
      <Filter>Header Files</Filter>
    </ClInclude>
    <ClInclude Include="src\lib\cereal\types\vector.hpp">
      <Filter>Header Files</Filter>
    </ClInclude>
    <ClInclude Include="src\lib\cereal\access.hpp">
      <Filter>Header Files</Filter>
    </ClInclude>
    <ClInclude Include="src\lib\cereal\cereal.hpp">
      <Filter>Header Files</Filter>
    </ClInclude>
    <ClInclude Include="src\lib\cereal\macros.hpp">
      <Filter>Header Files</Filter>
    </ClInclude>
    <ClInclude Include="src\lib\cereal\specialize.hpp">
      <Filter>Header Files</Filter>
    </ClInclude>
    <ClInclude Include="src\lib\cereal\version.hpp">
      <Filter>Header Files</Filter>
    </ClInclude>
    <ClInclude Include="src\core\scene_editor\include\editor.h">
      <Filter>Header Files</Filter>
    </ClInclude>
    <ClInclude Include="src\lib\utils\openGL\include\frame_buffer.h">
      <Filter>Header Files</Filter>
    </ClInclude>
    <ClInclude Include="src\core\scene_editor\include\scene_manager.h">
      <Filter>Header Files</Filter>
    </ClInclude>
    <ClInclude Include="src\core\components\include\serializable.h">
      <Filter>Header Files</Filter>
    </ClInclude>
    <ClInclude Include="src\core\scene_editor\include\scene.h">
      <Filter>Header Files</Filter>
    </ClInclude>
    <ClInclude Include="src\lib\utils\include\dirent.h">
      <Filter>Header Files</Filter>
    </ClInclude>
    <ClInclude Include="src\core\scene_editor\include\editor_asset_manager.h">
      <Filter>Header Files</Filter>
    </ClInclude>
    <ClInclude Include="src\core\systems\include\physics_system_2d.h">
      <Filter>Header Files</Filter>
    </ClInclude>
    <ClInclude Include="src\core\components\2d\include\circle_collider.h">
      <Filter>Header Files</Filter>
    </ClInclude>
    <ClInclude Include="src\core\components\2d\include\rect_collider.h">
      <Filter>Header Files</Filter>
    </ClInclude>
    <ClInclude Include="src\core\components\2d\include\rigid_body_2d.h">
      <Filter>Header Files</Filter>
    </ClInclude>
    <ClInclude Include="src\core\components\2d\include\sprite.h">
      <Filter>Header Files</Filter>
    </ClInclude>
    <ClInclude Include="src\core\components\3d\include\box_collider.h">
      <Filter>Header Files</Filter>
    </ClInclude>
    <ClInclude Include="src\core\components\3d\include\chunk_aabb.h">
      <Filter>Header Files</Filter>
    </ClInclude>
    <ClInclude Include="src\core\components\3d\include\rigid_body.h">
      <Filter>Header Files</Filter>
    </ClInclude>
    <ClInclude Include="src\lib\utils\box2d\b2draw\algorithm.h">
      <Filter>Header Files</Filter>
    </ClInclude>
    <ClInclude Include="src\lib\utils\box2d\b2draw\DebugDraw.h">
      <Filter>Header Files</Filter>
    </ClInclude>
    <ClInclude Include="src\lib\utils\box2d\b2draw\PrimitiveRenderer.h">
      <Filter>Header Files</Filter>
    </ClInclude>
    <ClInclude Include="src\core\components\2d\include\animator.h">
      <Filter>Header Files</Filter>
    </ClInclude>
    <ClInclude Include="src\core\data\include\box2d_database.h">
      <Filter>Header Files</Filter>
    </ClInclude>
    <ClInclude Include="src\core\systems\include\animator_system.h">
      <Filter>Header Files</Filter>
    </ClInclude>
    <ClInclude Include="src\core\systems\include\bird_system.h">
      <Filter>Header Files</Filter>
    </ClInclude>
    <ClInclude Include="src\core\data\include\animators_database.h">
      <Filter>Header Files</Filter>
    </ClInclude>
    <ClInclude Include="src\core\components\include\particle_emitter.h">
      <Filter>Header Files</Filter>
    </ClInclude>
    <ClInclude Include="src\core\components\include\particle.h">
      <Filter>Header Files</Filter>
    </ClInclude>
    <ClInclude Include="src\core\systems\include\particle_system.h">
      <Filter>Header Files</Filter>
    </ClInclude>
    <ClInclude Include="src\core\data\include\particle_manager.h">
      <Filter>Header Files</Filter>
    </ClInclude>
    <ClInclude Include="src\core\components\include\bird.h">
      <Filter>Header Files</Filter>
    </ClInclude>
    <ClInclude Include="src\core\data\include\entity_type.h">
      <Filter>Header Files</Filter>
    </ClInclude>
    <ClInclude Include="src\core\events\the_bird_is_gone.h">
      <Filter>Header Files</Filter>
    </ClInclude>
    <ClInclude Include="src\core\components\include\pig.h">
      <Filter>Header Files</Filter>
    </ClInclude>
    <ClInclude Include="src\core\events\game_over.h">
      <Filter>Header Files</Filter>
    </ClInclude>
    <ClInclude Include="src\core\events\round_over.h">
      <Filter>Header Files</Filter>
    </ClInclude>
    <ClInclude Include="src\core\screens\include\abstract_screen.h">
      <Filter>Header Files</Filter>
    </ClInclude>
    <ClInclude Include="src\core\screens\include\menu_screen.h">
      <Filter>Header Files</Filter>
    </ClInclude>
    <ClInclude Include="src\core\screens\include\playing_screen.h">
      <Filter>Header Files</Filter>
    </ClInclude>
    <ClInclude Include="src\core\screens\include\screen_manager.h">
      <Filter>Header Files</Filter>
    </ClInclude>
    <ClInclude Include="src\core\components\2d\include\button.h">
      <Filter>Header Files</Filter>
    </ClInclude>
    <ClInclude Include="src\core\systems\include\user_interface_system.h">
      <Filter>Header Files</Filter>
    </ClInclude>
    <ClInclude Include="src\core\data\include\sprite_database.h">
      <Filter>Header Files</Filter>
    </ClInclude>
    <ClInclude Include="src\core\data\include\entity_factory.h">
      <Filter>Header Files</Filter>
    </ClInclude>
    <ClInclude Include="src\core\components\include\obstacle.h">
      <Filter>Header Files</Filter>
    </ClInclude>
  </ItemGroup>
  <ItemGroup>
    <ClCompile Include="src\core\components\transform.cpp">
      <Filter>Source Files</Filter>
    </ClCompile>
    <ClCompile Include="src\core\data\asset_manager.cpp">
      <Filter>Source Files</Filter>
    </ClCompile>
    <ClCompile Include="src\core\systems\debug_system.cpp">
      <Filter>Source Files</Filter>
    </ClCompile>
    <ClCompile Include="src\core\systems\physics_system.cpp">
      <Filter>Source Files</Filter>
    </ClCompile>
    <ClCompile Include="src\core\systems\render_system.cpp">
      <Filter>Source Files</Filter>
    </ClCompile>
    <ClCompile Include="src\core\systems\transform_system.cpp">
      <Filter>Source Files</Filter>
    </ClCompile>
    <ClCompile Include="src\core\game_state_manager.cpp">
      <Filter>Source Files</Filter>
    </ClCompile>
    <ClCompile Include="src\core\angry-birds.cpp">
      <Filter>Source Files</Filter>
    </ClCompile>
    <ClCompile Include="src\desktop\desktop_launcher.cpp">
      <Filter>Source Files</Filter>
    </ClCompile>
    <ClCompile Include="src\lib\entityx\help\Pool.cc">
      <Filter>Source Files</Filter>
    </ClCompile>
    <ClCompile Include="src\lib\entityx\help\Timer.cc">
      <Filter>Source Files</Filter>
    </ClCompile>
    <ClCompile Include="src\lib\entityx\Entity.cc">
      <Filter>Source Files</Filter>
    </ClCompile>
    <ClCompile Include="src\lib\entityx\Event.cc">
      <Filter>Source Files</Filter>
    </ClCompile>
    <ClCompile Include="src\lib\entityx\System.cc">
      <Filter>Source Files</Filter>
    </ClCompile>
    <ClCompile Include="src\lib\utils\camera\camera.cpp">
      <Filter>Source Files</Filter>
    </ClCompile>
    <ClCompile Include="src\lib\utils\camera\first_person_camera_controller.cpp">
      <Filter>Source Files</Filter>
    </ClCompile>
    <ClCompile Include="src\lib\utils\camera\frustum.cpp">
      <Filter>Source Files</Filter>
    </ClCompile>
    <ClCompile Include="src\lib\utils\camera\orthographic_camera.cpp">
      <Filter>Source Files</Filter>
    </ClCompile>
    <ClCompile Include="src\lib\utils\camera\perspective_camera.cpp">
      <Filter>Source Files</Filter>
    </ClCompile>
    <ClCompile Include="src\lib\utils\geometry\ray.cpp">
      <Filter>Source Files</Filter>
    </ClCompile>
    <ClCompile Include="src\lib\utils\geometry\voxel_ray.cpp">
      <Filter>Source Files</Filter>
    </ClCompile>
    <ClCompile Include="src\lib\utils\math\math_utils.cpp">
      <Filter>Source Files</Filter>
    </ClCompile>
    <ClCompile Include="src\lib\utils\noise\model\cylinder.cpp">
      <Filter>Source Files</Filter>
    </ClCompile>
    <ClCompile Include="src\lib\utils\noise\model\line.cpp">
      <Filter>Source Files</Filter>
    </ClCompile>
    <ClCompile Include="src\lib\utils\noise\model\plane.cpp">
      <Filter>Source Files</Filter>
    </ClCompile>
    <ClCompile Include="src\lib\utils\noise\model\sphere.cpp">
      <Filter>Source Files</Filter>
    </ClCompile>
    <ClCompile Include="src\lib\utils\noise\module\abs.cpp">
      <Filter>Source Files</Filter>
    </ClCompile>
    <ClCompile Include="src\lib\utils\noise\module\add.cpp">
      <Filter>Source Files</Filter>
    </ClCompile>
    <ClCompile Include="src\lib\utils\noise\module\billow.cpp">
      <Filter>Source Files</Filter>
    </ClCompile>
    <ClCompile Include="src\lib\utils\noise\module\blend.cpp">
      <Filter>Source Files</Filter>
    </ClCompile>
    <ClCompile Include="src\lib\utils\noise\module\cache.cpp">
      <Filter>Source Files</Filter>
    </ClCompile>
    <ClCompile Include="src\lib\utils\noise\module\checkerboard.cpp">
      <Filter>Source Files</Filter>
    </ClCompile>
    <ClCompile Include="src\lib\utils\noise\module\clamp.cpp">
      <Filter>Source Files</Filter>
    </ClCompile>
    <ClCompile Include="src\lib\utils\noise\module\const.cpp">
      <Filter>Source Files</Filter>
    </ClCompile>
    <ClCompile Include="src\lib\utils\noise\module\curve.cpp">
      <Filter>Source Files</Filter>
    </ClCompile>
    <ClCompile Include="src\lib\utils\noise\module\cylinders.cpp">
      <Filter>Source Files</Filter>
    </ClCompile>
    <ClCompile Include="src\lib\utils\noise\module\displace.cpp">
      <Filter>Source Files</Filter>
    </ClCompile>
    <ClCompile Include="src\lib\utils\noise\module\exponent.cpp">
      <Filter>Source Files</Filter>
    </ClCompile>
    <ClCompile Include="src\lib\utils\noise\module\invert.cpp">
      <Filter>Source Files</Filter>
    </ClCompile>
    <ClCompile Include="src\lib\utils\noise\module\max.cpp">
      <Filter>Source Files</Filter>
    </ClCompile>
    <ClCompile Include="src\lib\utils\noise\module\min.cpp">
      <Filter>Source Files</Filter>
    </ClCompile>
    <ClCompile Include="src\lib\utils\noise\module\modulebase.cpp">
      <Filter>Source Files</Filter>
    </ClCompile>
    <ClCompile Include="src\lib\utils\noise\module\multiply.cpp">
      <Filter>Source Files</Filter>
    </ClCompile>
    <ClCompile Include="src\lib\utils\noise\module\perlin.cpp">
      <Filter>Source Files</Filter>
    </ClCompile>
    <ClCompile Include="src\lib\utils\noise\module\power.cpp">
      <Filter>Source Files</Filter>
    </ClCompile>
    <ClCompile Include="src\lib\utils\noise\module\ridgedmulti.cpp">
      <Filter>Source Files</Filter>
    </ClCompile>
    <ClCompile Include="src\lib\utils\noise\module\rotatepoint.cpp">
      <Filter>Source Files</Filter>
    </ClCompile>
    <ClCompile Include="src\lib\utils\noise\module\scalebias.cpp">
      <Filter>Source Files</Filter>
    </ClCompile>
    <ClCompile Include="src\lib\utils\noise\module\scalepoint.cpp">
      <Filter>Source Files</Filter>
    </ClCompile>
    <ClCompile Include="src\lib\utils\noise\module\select.cpp">
      <Filter>Source Files</Filter>
    </ClCompile>
    <ClCompile Include="src\lib\utils\noise\module\spheres.cpp">
      <Filter>Source Files</Filter>
    </ClCompile>
    <ClCompile Include="src\lib\utils\noise\module\terrace.cpp">
      <Filter>Source Files</Filter>
    </ClCompile>
    <ClCompile Include="src\lib\utils\noise\module\translatepoint.cpp">
      <Filter>Source Files</Filter>
    </ClCompile>
    <ClCompile Include="src\lib\utils\noise\module\turbulence.cpp">
      <Filter>Source Files</Filter>
    </ClCompile>
    <ClCompile Include="src\lib\utils\noise\module\voronoi.cpp">
      <Filter>Source Files</Filter>
    </ClCompile>
    <ClCompile Include="src\lib\utils\noise\latlon.cpp">
      <Filter>Source Files</Filter>
    </ClCompile>
    <ClCompile Include="src\lib\utils\noise\noisegen.cpp">
      <Filter>Source Files</Filter>
    </ClCompile>
    <ClCompile Include="src\lib\utils\openGL\index_buffer.cpp">
      <Filter>Source Files</Filter>
    </ClCompile>
    <ClCompile Include="src\lib\utils\openGL\particle_vertex.cpp">
      <Filter>Source Files</Filter>
    </ClCompile>
    <ClCompile Include="src\lib\utils\openGL\vertex.cpp">
      <Filter>Source Files</Filter>
    </ClCompile>
    <ClCompile Include="src\lib\utils\openGL\vertex_array.cpp">
      <Filter>Source Files</Filter>
    </ClCompile>
    <ClCompile Include="src\lib\utils\openGL\vertex_buffer.cpp">
      <Filter>Source Files</Filter>
    </ClCompile>
    <ClCompile Include="src\lib\utils\ui\actor.cpp">
      <Filter>Source Files</Filter>
    </ClCompile>
    <ClCompile Include="src\lib\utils\ui\click_listener.cpp">
      <Filter>Source Files</Filter>
    </ClCompile>
    <ClCompile Include="src\lib\utils\ui\event_listener.cpp">
      <Filter>Source Files</Filter>
    </ClCompile>
    <ClCompile Include="src\lib\utils\ui\input_listener.cpp">
      <Filter>Source Files</Filter>
    </ClCompile>
    <ClCompile Include="src\lib\utils\ui\label.cpp">
      <Filter>Source Files</Filter>
    </ClCompile>
    <ClCompile Include="src\lib\utils\ui\label_style.cpp">
      <Filter>Source Files</Filter>
    </ClCompile>
    <ClCompile Include="src\lib\utils\ui\user_interface.cpp">
      <Filter>Source Files</Filter>
    </ClCompile>
    <ClCompile Include="src\lib\utils\animation.cpp">
      <Filter>Source Files</Filter>
    </ClCompile>
    <ClCompile Include="src\lib\utils\input_processor.cpp">
      <Filter>Source Files</Filter>
    </ClCompile>
    <ClCompile Include="src\lib\utils\music.cpp">
      <Filter>Source Files</Filter>
    </ClCompile>
    <ClCompile Include="src\lib\utils\random_generator.cpp">
      <Filter>Source Files</Filter>
    </ClCompile>
    <ClCompile Include="src\lib\utils\shaders.cpp">
      <Filter>Source Files</Filter>
    </ClCompile>
    <ClCompile Include="src\lib\utils\sound.cpp">
      <Filter>Source Files</Filter>
    </ClCompile>
    <ClCompile Include="src\lib\utils\sprite_batch.cpp">
      <Filter>Source Files</Filter>
    </ClCompile>
    <ClCompile Include="src\lib\utils\texture.cpp">
      <Filter>Source Files</Filter>
    </ClCompile>
    <ClCompile Include="src\lib\utils\texture_cube_map.cpp">
      <Filter>Source Files</Filter>
    </ClCompile>
    <ClCompile Include="src\lib\utils\texture_region.cpp">
      <Filter>Source Files</Filter>
    </ClCompile>
    <ClCompile Include="src\lib\utils\universal_viewport.cpp">
      <Filter>Source Files</Filter>
    </ClCompile>
    <ClCompile Include="src\lib\utils\viewport.cpp">
      <Filter>Source Files</Filter>
    </ClCompile>
    <ClCompile Include="src\lib\application.cpp">
      <Filter>Source Files</Filter>
    </ClCompile>
    <ClCompile Include="src\lib\audio.cpp">
      <Filter>Source Files</Filter>
    </ClCompile>
    <ClCompile Include="src\lib\configuration.cpp">
      <Filter>Source Files</Filter>
    </ClCompile>
    <ClCompile Include="src\lib\graphics.cpp">
      <Filter>Source Files</Filter>
    </ClCompile>
    <ClCompile Include="src\lib\input.cpp">
      <Filter>Source Files</Filter>
    </ClCompile>
    <ClCompile Include="src\lib\lib.cpp">
      <Filter>Source Files</Filter>
    </ClCompile>
    <ClCompile Include="src\lib\logger.cpp">
      <Filter>Source Files</Filter>
    </ClCompile>
    <ClCompile Include="src\lib\imgui\imgui.cpp">
      <Filter>Source Files</Filter>
    </ClCompile>
    <ClCompile Include="src\lib\imgui\imgui_demo.cpp">
      <Filter>Source Files</Filter>
    </ClCompile>
    <ClCompile Include="src\lib\imgui\imgui_draw.cpp">
      <Filter>Source Files</Filter>
    </ClCompile>
    <ClCompile Include="src\lib\imgui\imgui_impl_opengl3.cpp">
      <Filter>Source Files</Filter>
    </ClCompile>
    <ClCompile Include="src\lib\imgui\imgui_impl_sdl.cpp">
      <Filter>Source Files</Filter>
    </ClCompile>
    <ClCompile Include="src\lib\imgui\imgui_tables.cpp">
      <Filter>Source Files</Filter>
    </ClCompile>
    <ClCompile Include="src\lib\imgui\imgui_widgets.cpp">
      <Filter>Source Files</Filter>
    </ClCompile>
    <ClCompile Include="src\core\scene_editor\editor.cpp">
      <Filter>Source Files</Filter>
    </ClCompile>
    <ClCompile Include="src\lib\utils\openGL\frame_buffer.cpp">
      <Filter>Source Files</Filter>
    </ClCompile>
    <ClCompile Include="src\core\scene_editor\scene_manager.cpp">
      <Filter>Source Files</Filter>
    </ClCompile>
    <ClCompile Include="src\core\scene_editor\scene.cpp">
      <Filter>Source Files</Filter>
    </ClCompile>
    <ClCompile Include="src\core\scene_editor\editor_asset_manager.cpp">
      <Filter>Source Files</Filter>
    </ClCompile>
    <ClCompile Include="src\core\systems\physics_system_2d.cpp">
      <Filter>Source Files</Filter>
    </ClCompile>
    <ClCompile Include="src\core\components\2d\circle_collider.cpp">
      <Filter>Source Files</Filter>
    </ClCompile>
    <ClCompile Include="src\core\components\2d\rect_collider.cpp">
      <Filter>Source Files</Filter>
    </ClCompile>
    <ClCompile Include="src\core\components\2d\rigid_body_2d.cpp">
      <Filter>Source Files</Filter>
    </ClCompile>
    <ClCompile Include="src\core\components\2d\sprite.cpp">
      <Filter>Source Files</Filter>
    </ClCompile>
    <ClCompile Include="src\core\components\3d\box_collider.cpp">
      <Filter>Source Files</Filter>
    </ClCompile>
    <ClCompile Include="src\core\components\3d\chunk_aabb.cpp">
      <Filter>Source Files</Filter>
    </ClCompile>
    <ClCompile Include="src\core\components\3d\rigid_body.cpp">
      <Filter>Source Files</Filter>
    </ClCompile>
    <ClCompile Include="src\lib\utils\box2d\DebugDraw.cpp">
      <Filter>Source Files</Filter>
    </ClCompile>
    <ClCompile Include="src\lib\utils\box2d\PrimitiveRenderer.cpp">
      <Filter>Source Files</Filter>
    </ClCompile>
    <ClCompile Include="src\core\components\2d\animator.cpp">
      <Filter>Source Files</Filter>
    </ClCompile>
    <ClCompile Include="src\core\data\box2d_database.cpp">
      <Filter>Source Files</Filter>
    </ClCompile>
    <ClCompile Include="src\core\systems\animator_system.cpp">
      <Filter>Source Files</Filter>
    </ClCompile>
    <ClCompile Include="src\core\systems\bird_system.cpp">
      <Filter>Source Files</Filter>
    </ClCompile>
    <ClCompile Include="src\core\data\animators_database.cpp">
      <Filter>Source Files</Filter>
    </ClCompile>
    <ClCompile Include="src\core\components\particle.cpp">
      <Filter>Source Files</Filter>
    </ClCompile>
    <ClCompile Include="src\core\components\particle_emitter.cpp">
      <Filter>Source Files</Filter>
    </ClCompile>
    <ClCompile Include="src\core\systems\particle_system.cpp">
      <Filter>Source Files</Filter>
    </ClCompile>
    <ClCompile Include="src\core\data\particle_manager.cpp">
      <Filter>Source Files</Filter>
    </ClCompile>
    <ClCompile Include="src\core\components\bird.cpp">
      <Filter>Source Files</Filter>
    </ClCompile>
    <ClCompile Include="src\core\components\pig.cpp">
      <Filter>Source Files</Filter>
    </ClCompile>
    <ClCompile Include="src\core\screens\abstract_screen.cpp">
      <Filter>Source Files</Filter>
    </ClCompile>
    <ClCompile Include="src\core\screens\menu_screen.cpp">
      <Filter>Source Files</Filter>
    </ClCompile>
    <ClCompile Include="src\core\screens\playing_screen.cpp">
      <Filter>Source Files</Filter>
    </ClCompile>
    <ClCompile Include="src\core\screens\screen_manager.cpp">
      <Filter>Source Files</Filter>
    </ClCompile>
    <ClCompile Include="src\core\components\2d\button.cpp">
      <Filter>Source Files</Filter>
    </ClCompile>
    <ClCompile Include="src\core\systems\user_interface_system.cpp">
      <Filter>Source Files</Filter>
    </ClCompile>
    <ClCompile Include="src\core\data\sprite_database.cpp">
      <Filter>Source Files</Filter>
    </ClCompile>
    <ClCompile Include="src\core\data\entity_factory.cpp">
      <Filter>Source Files</Filter>
    </ClCompile>
    <ClCompile Include="src\core\components\obstacle.cpp">
      <Filter>Source Files</Filter>
    </ClCompile>
  </ItemGroup>
  <ItemGroup>
    <None Include="src\lib\cereal\external\rapidxml\manual.html" />
    <None Include="src\assets\shaders\b2draw\shader.vert" />
    <None Include="src\assets\shaders\b2draw\shader.frag" />
    <None Include="src\assets\shaders\textures\shader.frag" />
    <None Include="src\assets\shaders\textures\shader.vert" />
    <None Include="src\assets\shaders\particle\shader.vert" />
    <None Include="src\assets\shaders\particle\shader.frag" />
  </ItemGroup>
  <ItemGroup>
    <Image Include="D:\Downloads\bin-file-format.png">
      <Filter>Resource Files</Filter>
    </Image>
  </ItemGroup>
</Project>